
Microsoft Visual Studio Solution File, Format Version 12.00
# Visual Studio Version 16
VisualStudioVersion = 16.0.31424.327
MinimumVisualStudioVersion = 10.0.40219.1
Project("{FAE04EC0-301F-11D3-BF4B-00C04F79EFBC}") = "CodingChallenge", "CodingChallenge.csproj", "{F1A760B5-AD00-4FB9-B22E-1251E93F3E2E}"
EndProject
Project("{FAE04EC0-301F-11D3-BF4B-00C04F79EFBC}") = "CodingChallenge.Models", "..\CodingChallenge.Models\CodingChallenge.Models.csproj", "{AF631584-C6CA-48B8-BB3E-FE141A36CA0A}"
EndProject
Project("{FAE04EC0-301F-11D3-BF4B-00C04F79EFBC}") = "CodingChallenge.Repositories", "..\CodingChallenge.Repositories\CodingChallenge.Repositories.csproj", "{D547AC13-C466-416A-9119-F1817BC62859}"
EndProject
Project("{FAE04EC0-301F-11D3-BF4B-00C04F79EFBC}") = "CodingChallenge.Services", "..\CodingChallenge.Services\CodingChallenge.Services.csproj", "{35016980-64EB-455F-AA1A-AEFF66E37A62}"
EndProject
Global
	GlobalSection(SolutionConfigurationPlatforms) = preSolution
		Debug|Any CPU = Debug|Any CPU
		Release|Any CPU = Release|Any CPU
	EndGlobalSection
	GlobalSection(ProjectConfigurationPlatforms) = postSolution
		{F1A760B5-AD00-4FB9-B22E-1251E93F3E2E}.Debug|Any CPU.ActiveCfg = Debug|Any CPU
		{F1A760B5-AD00-4FB9-B22E-1251E93F3E2E}.Debug|Any CPU.Build.0 = Debug|Any CPU
		{F1A760B5-AD00-4FB9-B22E-1251E93F3E2E}.Release|Any CPU.ActiveCfg = Release|Any CPU
		{F1A760B5-AD00-4FB9-B22E-1251E93F3E2E}.Release|Any CPU.Build.0 = Release|Any CPU
		{AF631584-C6CA-48B8-BB3E-FE141A36CA0A}.Debug|Any CPU.ActiveCfg = Debug|Any CPU
		{AF631584-C6CA-48B8-BB3E-FE141A36CA0A}.Debug|Any CPU.Build.0 = Debug|Any CPU
		{AF631584-C6CA-48B8-BB3E-FE141A36CA0A}.Release|Any CPU.ActiveCfg = Release|Any CPU
		{AF631584-C6CA-48B8-BB3E-FE141A36CA0A}.Release|Any CPU.Build.0 = Release|Any CPU
		{D547AC13-C466-416A-9119-F1817BC62859}.Debug|Any CPU.ActiveCfg = Debug|Any CPU
		{D547AC13-C466-416A-9119-F1817BC62859}.Debug|Any CPU.Build.0 = Debug|Any CPU
		{D547AC13-C466-416A-9119-F1817BC62859}.Release|Any CPU.ActiveCfg = Release|Any CPU
		{D547AC13-C466-416A-9119-F1817BC62859}.Release|Any CPU.Build.0 = Release|Any CPU
		{35016980-64EB-455F-AA1A-AEFF66E37A62}.Debug|Any CPU.ActiveCfg = Debug|Any CPU
		{35016980-64EB-455F-AA1A-AEFF66E37A62}.Debug|Any CPU.Build.0 = Debug|Any CPU
		{35016980-64EB-455F-AA1A-AEFF66E37A62}.Release|Any CPU.ActiveCfg = Release|Any CPU
		{35016980-64EB-455F-AA1A-AEFF66E37A62}.Release|Any CPU.Build.0 = Release|Any CPU
	EndGlobalSection
	GlobalSection(SolutionProperties) = preSolution
		HideSolutionNode = FALSE
	EndGlobalSection
	GlobalSection(ExtensibilityGlobals) = postSolution
		SolutionGuid = {8E8C6BF8-4779-4302-A5A4-A5FFCAE92326}
	EndGlobalSection
EndGlobal
